{
    "_readme": [
        "This file locks the dependencies of your project to a known state",
        "Read more about it at http://getcomposer.org/doc/01-basic-usage.md#composer-lock-the-lock-file"
    ],
    "hash": "18b1bbf7d7d664c182c36c8789dcec33",
    "packages": [
        {
            "name": "marcj/php-rest-service",
            "version": "0.1.1",
            "source": {
                "type": "git",
                "url": "https://github.com/marcj/php-rest-service.git",
                "reference": "0.1.1"
            },
            "dist": {
                "type": "zip",
                "url": "https://api.github.com/repos/marcj/php-rest-service/zipball/0.1.1",
                "reference": "0.1.1",
                "shasum": ""
            },
            "require": {
                "php": ">=5.3.0"
            },
            "type": "library",
            "autoload": {
                "psr-0": {
                    "RestService": ""
                }
            },
            "notification-url": "https://packagist.org/downloads/",
            "license": [
                "MIT"
            ],
            "authors": [
                {
                    "name": "Marc J. Schmidt",
                    "email": "marc@kryn.org",
                    "homepage": "http://marcjschmidt.de://www.naderman.de"
                }
            ],
            "description": "PHPRestService is a simple and fast PHP class for server side RESTful APIs.",
            "keywords": [
                "api",
                "php",
                "rest",
                "restful"
            ],
            "time": "2013-05-10 15:26:42"
        }
    ],
    "packages-dev": [

    ],
    "aliases": [

    ],
    "minimum-stability": "stable",
    "stability-flags": [

    ],
    "platform": [

    ],
    "platform-dev": [

    ]
}
